
Microsoft Visual Studio Solution File, Format Version 12.00
# Visual Studio Version 17
VisualStudioVersion = 17.11.35219.272
MinimumVisualStudioVersion = 10.0.40219.1
Project("{FAE04EC0-301F-11D3-BF4B-00C04F79EFBC}") = "DigitalClockApp", "DigitalClockApp.csproj", "{65437540-79DE-415C-9C4F-F7594E732F63}"
EndProject
Global
	GlobalSection(SolutionConfigurationPlatforms) = preSolution
		Debug|Any CPU = Debug|Any CPU
		Release|Any CPU = Release|Any CPU
	EndGlobalSection
	GlobalSection(ProjectConfigurationPlatforms) = postSolution
		{65437540-79DE-415C-9C4F-F7594E732F63}.Debug|Any CPU.ActiveCfg = Debug|Any CPU
		{65437540-79DE-415C-9C4F-F7594E732F63}.Debug|Any CPU.Build.0 = Debug|Any CPU
		{65437540-79DE-415C-9C4F-F7594E732F63}.Release|Any CPU.ActiveCfg = Release|Any CPU
		{65437540-79DE-415C-9C4F-F7594E732F63}.Release|Any CPU.Build.0 = Release|Any CPU
	EndGlobalSection
	GlobalSection(SolutionProperties) = preSolution
		HideSolutionNode = FALSE
	EndGlobalSection
	GlobalSection(ExtensibilityGlobals) = postSolution
		SolutionGuid = {DE40185F-21AC-45C6-81C2-E4DCC7D27DC6}
	EndGlobalSection
EndGlobal
